
Microsoft Visual Studio Solution File, Format Version 12.00
# Visual Studio Version 17
VisualStudioVersion = 17.5.33424.131
MinimumVisualStudioVersion = 10.0.40219.1
Project("{FAE04EC0-301F-11D3-BF4B-00C04F79EFBC}") = "MemoApp", "MemoApp\MemoApp.csproj", "{4BE2F5F3-2E52-4CF5-9C02-387EE0FBBBDD}"
EndProject
Global
	GlobalSection(SolutionConfigurationPlatforms) = preSolution
		Debug|Any CPU = Debug|Any CPU
		Release|Any CPU = Release|Any CPU
	EndGlobalSection
	GlobalSection(ProjectConfigurationPlatforms) = postSolution
		{4BE2F5F3-2E52-4CF5-9C02-387EE0FBBBDD}.Debug|Any CPU.ActiveCfg = Debug|Any CPU
		{4BE2F5F3-2E52-4CF5-9C02-387EE0FBBBDD}.Debug|Any CPU.Build.0 = Debug|Any CPU
		{4BE2F5F3-2E52-4CF5-9C02-387EE0FBBBDD}.Release|Any CPU.ActiveCfg = Release|Any CPU
		{4BE2F5F3-2E52-4CF5-9C02-387EE0FBBBDD}.Release|Any CPU.Build.0 = Release|Any CPU
	EndGlobalSection
	GlobalSection(SolutionProperties) = preSolution
		HideSolutionNode = FALSE
	EndGlobalSection
	GlobalSection(ExtensibilityGlobals) = postSolution
		SolutionGuid = {1A5BD539-7109-48FE-A42A-8F93FF25A201}
	EndGlobalSection
EndGlobal
